{
  "requires": true,
  "lockfileVersion": 1,
  "dependencies": {
    "@smotaal.io/grammar": {
      "version": "file:../../packages/grammar"
    },
    "@smotaal.io/markup": {
      "version": "file:../../packages/markup"
    },
    "@smotaal.io/pseudom": {
      "version": "file:../../packages/pseudom"
    },
    "@smotaal.io/tokenizer": {
      "version": "file:../../packages/tokenizer",
      "dependencies": {
        "@smotaal/pseudom": {
          "version": "file:../../packages/pseudom"
        }
      }
    }
  }
}
